
Microsoft Visual Studio Solution File, Format Version 12.00
# Visual Studio 15
VisualStudioVersion = 15.0.27703.2042
MinimumVisualStudioVersion = 10.0.40219.1
Project("{FAE04EC0-301F-11D3-BF4B-00C04F79EFBC}") = "Sirket", "Sirket\Sirket.csproj", "{9E3E10AC-0264-4C29-B1CC-EF487EF3017A}"
EndProject
Global
	GlobalSection(SolutionConfigurationPlatforms) = preSolution
		Debug|Any CPU = Debug|Any CPU
		Release|Any CPU = Release|Any CPU
	EndGlobalSection
	GlobalSection(ProjectConfigurationPlatforms) = postSolution
		{9E3E10AC-0264-4C29-B1CC-EF487EF3017A}.Debug|Any CPU.ActiveCfg = Debug|Any CPU
		{9E3E10AC-0264-4C29-B1CC-EF487EF3017A}.Debug|Any CPU.Build.0 = Debug|Any CPU
		{9E3E10AC-0264-4C29-B1CC-EF487EF3017A}.Release|Any CPU.ActiveCfg = Release|Any CPU
		{9E3E10AC-0264-4C29-B1CC-EF487EF3017A}.Release|Any CPU.Build.0 = Release|Any CPU
	EndGlobalSection
	GlobalSection(SolutionProperties) = preSolution
		HideSolutionNode = FALSE
	EndGlobalSection
	GlobalSection(ExtensibilityGlobals) = postSolution
		SolutionGuid = {2697D2D6-7804-41B4-88FF-4D4E71F22CB9}
	EndGlobalSection
EndGlobal
